
Microsoft Visual Studio Solution File, Format Version 12.00
# Visual Studio Version 16
VisualStudioVersion = 16.0.29911.84
MinimumVisualStudioVersion = 10.0.40219.1
Project("{FAE04EC0-301F-11D3-BF4B-00C04F79EFBC}") = "mi-primer-repositorio-nvm", "mi-primer-repositorio-nvm\mi-primer-repositorio-nvm.csproj", "{8F5F2EAF-9D87-411C-B2F8-7ABB1CBCFF54}"
EndProject
Global
	GlobalSection(SolutionConfigurationPlatforms) = preSolution
		Debug|Any CPU = Debug|Any CPU
		Release|Any CPU = Release|Any CPU
	EndGlobalSection
	GlobalSection(ProjectConfigurationPlatforms) = postSolution
		{8F5F2EAF-9D87-411C-B2F8-7ABB1CBCFF54}.Debug|Any CPU.ActiveCfg = Debug|Any CPU
		{8F5F2EAF-9D87-411C-B2F8-7ABB1CBCFF54}.Debug|Any CPU.Build.0 = Debug|Any CPU
		{8F5F2EAF-9D87-411C-B2F8-7ABB1CBCFF54}.Release|Any CPU.ActiveCfg = Release|Any CPU
		{8F5F2EAF-9D87-411C-B2F8-7ABB1CBCFF54}.Release|Any CPU.Build.0 = Release|Any CPU
	EndGlobalSection
	GlobalSection(SolutionProperties) = preSolution
		HideSolutionNode = FALSE
	EndGlobalSection
	GlobalSection(ExtensibilityGlobals) = postSolution
		SolutionGuid = {B29CD046-9FB0-4DEA-A3EC-C309663F9629}
	EndGlobalSection
EndGlobal
